
Microsoft Visual Studio Solution File, Format Version 12.00
# Visual Studio Version 17
VisualStudioVersion = 17.12.35707.178 d17.12
MinimumVisualStudioVersion = 10.0.40219.1
Project("{FAE04EC0-301F-11D3-BF4B-00C04F79EFBC}") = "EpamPage", "EpamPage\EpamPage.csproj", "{FF01C490-695F-4E76-9E22-EB57A6D728AF}"
EndProject
Project("{FAE04EC0-301F-11D3-BF4B-00C04F79EFBC}") = "EpamPageTests", "EpamPageTests\EpamPageTests.csproj", "{3BA638D1-55C6-4662-8041-3C9C7D2310C1}"
EndProject
Global
	GlobalSection(SolutionConfigurationPlatforms) = preSolution
		Debug|Any CPU = Debug|Any CPU
		Release|Any CPU = Release|Any CPU
	EndGlobalSection
	GlobalSection(ProjectConfigurationPlatforms) = postSolution
		{FF01C490-695F-4E76-9E22-EB57A6D728AF}.Debug|Any CPU.ActiveCfg = Debug|Any CPU
		{FF01C490-695F-4E76-9E22-EB57A6D728AF}.Debug|Any CPU.Build.0 = Debug|Any CPU
		{FF01C490-695F-4E76-9E22-EB57A6D728AF}.Release|Any CPU.ActiveCfg = Release|Any CPU
		{FF01C490-695F-4E76-9E22-EB57A6D728AF}.Release|Any CPU.Build.0 = Release|Any CPU
		{3BA638D1-55C6-4662-8041-3C9C7D2310C1}.Debug|Any CPU.ActiveCfg = Debug|Any CPU
		{3BA638D1-55C6-4662-8041-3C9C7D2310C1}.Debug|Any CPU.Build.0 = Debug|Any CPU
		{3BA638D1-55C6-4662-8041-3C9C7D2310C1}.Release|Any CPU.ActiveCfg = Release|Any CPU
		{3BA638D1-55C6-4662-8041-3C9C7D2310C1}.Release|Any CPU.Build.0 = Release|Any CPU
	EndGlobalSection
	GlobalSection(SolutionProperties) = preSolution
		HideSolutionNode = FALSE
	EndGlobalSection
EndGlobal
